
Microsoft Visual Studio Solution File, Format Version 12.00
# Visual Studio Version 17
VisualStudioVersion = 17.5.002.0
MinimumVisualStudioVersion = 10.0.40219.1
Project("{9A19103F-16F7-4668-BE54-9A1E7A4F7556}") = "ExecutinReportHandler", "ExecutinReportHandler.csproj", "{A3E0449D-8FED-4F43-9294-E754B5D8968E}"
EndProject
Global
	GlobalSection(SolutionConfigurationPlatforms) = preSolution
		Debug|Any CPU = Debug|Any CPU
		Release|Any CPU = Release|Any CPU
	EndGlobalSection
	GlobalSection(ProjectConfigurationPlatforms) = postSolution
		{A3E0449D-8FED-4F43-9294-E754B5D8968E}.Debug|Any CPU.ActiveCfg = Debug|Any CPU
		{A3E0449D-8FED-4F43-9294-E754B5D8968E}.Debug|Any CPU.Build.0 = Debug|Any CPU
		{A3E0449D-8FED-4F43-9294-E754B5D8968E}.Release|Any CPU.ActiveCfg = Release|Any CPU
		{A3E0449D-8FED-4F43-9294-E754B5D8968E}.Release|Any CPU.Build.0 = Release|Any CPU
	EndGlobalSection
	GlobalSection(SolutionProperties) = preSolution
		HideSolutionNode = FALSE
	EndGlobalSection
	GlobalSection(ExtensibilityGlobals) = postSolution
		SolutionGuid = {B52F42D7-02FF-4F67-B9D1-02E4BE7715AA}
	EndGlobalSection
EndGlobal
